// !$*UTF8*$!
{
	archiveVersion = 1;
	classes = {
	};
	objectVersion = 55;
	objects = {

/* Begin PBXBuildFile section */
		EE834A77285B2DAF00BD28A1 /* SmartHomeThermostateApp.swift in Sources */ = {isa = PBXBuildFile; fileRef = EE834A76285B2DAF00BD28A1 /* SmartHomeThermostateApp.swift */; };
		EE834A79285B2DAF00BD28A1 /* ContentView.swift in Sources */ = {isa = PBXBuildFile; fileRef = EE834A78285B2DAF00BD28A1 /* ContentView.swift */; };
		EE834A7B285B2DB000BD28A1 /* Assets.xcassets in Resources */ = {isa = PBXBuildFile; fileRef = EE834A7A285B2DB000BD28A1 /* Assets.xcassets */; };
		EE834A7E285B2DB000BD28A1 /* Preview Assets.xcassets in Resources */ = {isa = PBXBuildFile; fileRef = EE834A7D285B2DB000BD28A1 /* Preview Assets.xcassets */; };
		EE834A86285B322200BD28A1 /* Extensions.swift in Sources */ = {isa = PBXBuildFile; fileRef = EE834A85285B322200BD28A1 /* Extensions.swift */; };
		EE834A88285B342300BD28A1 /* ClimateCard.swift in Sources */ = {isa = PBXBuildFile; fileRef = EE834A87285B342300BD28A1 /* ClimateCard.swift */; };
		EE834A8A285B39F900BD28A1 /* ThermometerView.swift in Sources */ = {isa = PBXBuildFile; fileRef = EE834A89285B39F900BD28A1 /* ThermometerView.swift */; };
		EE834A8C285B3A9500BD28A1 /* ThermometerPlaceholderView.swift in Sources */ = {isa = PBXBuildFile; fileRef = EE834A8B285B3A9500BD28A1 /* ThermometerPlaceholderView.swift */; };
		EE834A8E285B3EE200BD28A1 /* ThermometerDialView.swift in Sources */ = {isa = PBXBuildFile; fileRef = EE834A8D285B3EE200BD28A1 /* ThermometerDialView.swift */; };
		EE834A90285B436600BD28A1 /* ThermometerSummaryView.swift in Sources */ = {isa = PBXBuildFile; fileRef = EE834A8F285B436600BD28A1 /* ThermometerSummaryView.swift */; };
		EE834A92285B459A00BD28A1 /* ThermometerScaleView.swift in Sources */ = {isa = PBXBuildFile; fileRef = EE834A91285B459A00BD28A1 /* ThermometerScaleView.swift */; };
/* End PBXBuildFile section */

/* Begin PBXFileReference section */
		EE834A73285B2DAF00BD28A1 /* SmartHomeThermostate.app */ = {isa = PBXFileReference; explicitFileType = wrapper.application; includeInIndex = 0; path = SmartHomeThermostate.app; sourceTree = BUILT_PRODUCTS_DIR; };
		EE834A76285B2DAF00BD28A1 /* SmartHomeThermostateApp.swift */ = {isa = PBXFileReference; lastKnownFileType = sourcecode.swift; path = SmartHomeThermostateApp.swift; sourceTree = "<group>"; };
		EE834A78285B2DAF00BD28A1 /* ContentView.swift */ = {isa = PBXFileReference; lastKnownFileType = sourcecode.swift; path = ContentView.swift; sourceTree = "<group>"; };
		EE834A7A285B2DB000BD28A1 /* Assets.xcassets */ = {isa = PBXFileReference; lastKnownFileType = folder.assetcatalog; path = Assets.xcassets; sourceTree = "<group>"; };
		EE834A7D285B2DB000BD28A1 /* Preview Assets.xcassets */ = {isa = PBXFileReference; lastKnownFileType = folder.assetcatalog; path = "Preview Assets.xcassets"; sourceTree = "<group>"; };
		EE834A85285B322200BD28A1 /* Extensions.swift */ = {isa = PBXFileReference; lastKnownFileType = sourcecode.swift; path = Extensions.swift; sourceTree = "<group>"; };
		EE834A87285B342300BD28A1 /* ClimateCard.swift */ = {isa = PBXFileReference; lastKnownFileType = sourcecode.swift; path = ClimateCard.swift; sourceTree = "<group>"; };
		EE834A89285B39F900BD28A1 /* ThermometerView.swift */ = {isa = PBXFileReference; lastKnownFileType = sourcecode.swift; path = ThermometerView.swift; sourceTree = "<group>"; };
		EE834A8B285B3A9500BD28A1 /* ThermometerPlaceholderView.swift */ = {isa = PBXFileReference; lastKnownFileType = sourcecode.swift; path = ThermometerPlaceholderView.swift; sourceTree = "<group>"; };
		EE834A8D285B3EE200BD28A1 /* ThermometerDialView.swift */ = {isa = PBXFileReference; lastKnownFileType = sourcecode.swift; path = ThermometerDialView.swift; sourceTree = "<group>"; };
		EE834A8F285B436600BD28A1 /* ThermometerSummaryView.swift */ = {isa = PBXFileReference; lastKnownFileType = sourcecode.swift; path = ThermometerSummaryView.swift; sourceTree = "<group>"; };
		EE834A91285B459A00BD28A1 /* ThermometerScaleView.swift */ = {isa = PBXFileReference; lastKnownFileType = sourcecode.swift; path = ThermometerScaleView.swift; sourceTree = "<group>"; };
/* End PBXFileReference section */

/* Begin PBXFrameworksBuildPhase section */
		EE834A70285B2DAF00BD28A1 /* Frameworks */ = {
			isa = PBXFrameworksBuildPhase;
			buildActionMask = 2147483647;
			files = (
			);
			runOnlyForDeploymentPostprocessing = 0;
		};
/* End PBXFrameworksBuildPhase section */

/* Begin PBXGroup section */
		EE834A6A285B2DAF00BD28A1 = {
			isa = PBXGroup;
			children = (
				EE834A75285B2DAF00BD28A1 /* SmartHomeThermostate */,
				EE834A74285B2DAF00BD28A1 /* Products */,
			);
			sourceTree = "<group>";
		};
		EE834A74285B2DAF00BD28A1 /* Products */ = {
			isa = PBXGroup;
			children = (
				EE834A73285B2DAF00BD28A1 /* SmartHomeThermostate.app */,
			);
			name = Products;
			sourceTree = "<group>";
		};
		EE834A75285B2DAF00BD28A1 /* SmartHomeThermostate */ = {
			isa = PBXGroup;
			children = (
				EE834A76285B2DAF00BD28A1 /* SmartHomeThermostateApp.swift */,
				EE834A78285B2DAF00BD28A1 /* ContentView.swift */,
				EE834A89285B39F900BD28A1 /* ThermometerView.swift */,
				EE834A91285B459A00BD28A1 /* ThermometerScaleView.swift */,
				EE834A8F285B436600BD28A1 /* ThermometerSummaryView.swift */,
				EE834A8D285B3EE200BD28A1 /* ThermometerDialView.swift */,
				EE834A8B285B3A9500BD28A1 /* ThermometerPlaceholderView.swift */,
				EE834A87285B342300BD28A1 /* ClimateCard.swift */,
				EE834A85285B322200BD28A1 /* Extensions.swift */,
				EE834A7A285B2DB000BD28A1 /* Assets.xcassets */,
				EE834A7C285B2DB000BD28A1 /* Preview Content */,
			);
			path = SmartHomeThermostate;
			sourceTree = "<group>";
		};
		EE834A7C285B2DB000BD28A1 /* Preview Content */ = {
			isa = PBXGroup;
			children = (
				EE834A7D285B2DB000BD28A1 /* Preview Assets.xcassets */,
			);
			path = "Preview Content";
			sourceTree = "<group>";
		};
/* End PBXGroup section */

/* Begin PBXNativeTarget section */
		EE834A72285B2DAF00BD28A1 /* SmartHomeThermostate */ = {
			isa = PBXNativeTarget;
			buildConfigurationList = EE834A81285B2DB000BD28A1 /* Build configuration list for PBXNativeTarget "SmartHomeThermostate" */;
			buildPhases = (
				EE834A6F285B2DAF00BD28A1 /* Sources */,
				EE834A70285B2DAF00BD28A1 /* Frameworks */,
				EE834A71285B2DAF00BD28A1 /* Resources */,
			);
			buildRules = (
			);
			dependencies = (
			);
			name = SmartHomeThermostate;
			productName = SmartHomeThermostate;
			productReference = EE834A73285B2DAF00BD28A1 /* SmartHomeThermostate.app */;
			productType = "com.apple.product-type.application";
		};
/* End PBXNativeTarget section */

/* Begin PBXProject section */
		EE834A6B285B2DAF00BD28A1 /* Project object */ = {
			isa = PBXProject;
			attributes = {
				BuildIndependentTargetsInParallel = 1;
				LastSwiftUpdateCheck = 1340;
				LastUpgradeCheck = 1340;
				TargetAttributes = {
					EE834A72285B2DAF00BD28A1 = {
						CreatedOnToolsVersion = 13.4.1;
					};
				};
			};
			buildConfigurationList = EE834A6E285B2DAF00BD28A1 /* Build configuration list for PBXProject "SmartHomeThermostate" */;
			compatibilityVersion = "Xcode 13.0";
			developmentRegion = en;
			hasScannedForEncodings = 0;
			knownRegions = (
				en,
				Base,
			);
			mainGroup = EE834A6A285B2DAF00BD28A1;
			productRefGroup = EE834A74285B2DAF00BD28A1 /* Products */;
			projectDirPath = "";
			projectRoot = "";
			targets = (
				EE834A72285B2DAF00BD28A1 /* SmartHomeThermostate */,
			);
		};
/* End PBXProject section */

/* Begin PBXResourcesBuildPhase section */
		EE834A71285B2DAF00BD28A1 /* Resources */ = {
			isa = PBXResourcesBuildPhase;
			buildActionMask = 2147483647;
			files = (
				EE834A7E285B2DB000BD28A1 /* Preview Assets.xcassets in Resources */,
				EE834A7B285B2DB000BD28A1 /* Assets.xcassets in Resources */,
			);
			runOnlyForDeploymentPostprocessing = 0;
		};
/* End PBXResourcesBuildPhase section */

/* Begin PBXSourcesBuildPhase section */
		EE834A6F285B2DAF00BD28A1 /* Sources */ = {
			isa = PBXSourcesBuildPhase;
			buildActionMask = 2147483647;
			files = (
				EE834A79285B2DAF00BD28A1 /* ContentView.swift in Sources */,
				EE834A8A285B39F900BD28A1 /* ThermometerView.swift in Sources */,
				EE834A8C285B3A9500BD28A1 /* ThermometerPlaceholderView.swift in Sources */,
				EE834A92285B459A00BD28A1 /* ThermometerScaleView.swift in Sources */,
				EE834A88285B342300BD28A1 /* ClimateCard.swift in Sources */,
				EE834A90285B436600BD28A1 /* ThermometerSummaryView.swift in Sources */,
				EE834A86285B322200BD28A1 /* Extensions.swift in Sources */,
				EE834A8E285B3EE200BD28A1 /* ThermometerDialView.swift in Sources */,
				EE834A77285B2DAF00BD28A1 /* SmartHomeThermostateApp.swift in Sources */,
			);
			runOnlyForDeploymentPostprocessing = 0;
		};
/* End PBXSourcesBuildPhase section */

/* Begin XCBuildConfiguration section */
		EE834A7F285B2DB000BD28A1 /* Debug */ = {
			isa = XCBuildConfiguration;
			buildSettings = {
				ALWAYS_SEARCH_USER_PATHS = NO;
				CLANG_ANALYZER_NONNULL = YES;
				CLANG_ANALYZER_NUMBER_OBJECT_CONVERSION = YES_AGGRESSIVE;
				CLANG_CXX_LANGUAGE_STANDARD = "gnu++17";
				CLANG_ENABLE_MODULES = YES;
				CLANG_ENABLE_OBJC_ARC = YES;
				CLANG_ENABLE_OBJC_WEAK = YES;
				CLANG_WARN_BLOCK_CAPTURE_AUTORELEASING = YES;
				CLANG_WARN_BOOL_CONVERSION = YES;
				CLANG_WARN_COMMA = YES;
				CLANG_WARN_CONSTANT_CONVERSION = YES;
				CLANG_WARN_DEPRECATED_OBJC_IMPLEMENTATIONS = YES;
				CLANG_WARN_DIRECT_OBJC_ISA_USAGE = YES_ERROR;
				CLANG_WARN_DOCUMENTATION_COMMENTS = YES;
				CLANG_WARN_EMPTY_BODY = YES;
				CLANG_WARN_ENUM_CONVERSION = YES;
				CLANG_WARN_INFINITE_RECURSION = YES;
				CLANG_WARN_INT_CONVERSION = YES;
				CLANG_WARN_NON_LITERAL_NULL_CONVERSION = YES;
				CLANG_WARN_OBJC_IMPLICIT_RETAIN_SELF = YES;
				CLANG_WARN_OBJC_LITERAL_CONVERSION = YES;
				CLANG_WARN_OBJC_ROOT_CLASS = YES_ERROR;
				CLANG_WARN_QUOTED_INCLUDE_IN_FRAMEWORK_HEADER = YES;
				CLANG_WARN_RANGE_LOOP_ANALYSIS = YES;
				CLANG_WARN_STRICT_PROTOTYPES = YES;
				CLANG_WARN_SUSPICIOUS_MOVE = YES;
				CLANG_WARN_UNGUARDED_AVAILABILITY = YES_AGGRESSIVE;
				CLANG_WARN_UNREACHABLE_CODE = YES;
				CLANG_WARN__DUPLICATE_METHOD_MATCH = YES;
				COPY_PHASE_STRIP = NO;
				DEBUG_INFORMATION_FORMAT = dwarf;
				ENABLE_STRICT_OBJC_MSGSEND = YES;
				ENABLE_TESTABILITY = YES;
				GCC_C_LANGUAGE_STANDARD = gnu11;
				GCC_DYNAMIC_NO_PIC = NO;
				GCC_NO_COMMON_BLOCKS = YES;
				GCC_OPTIMIZATION_LEVEL = 0;
				GCC_PREPROCESSOR_DEFINITIONS = (
					"DEBUG=1",
					"$(inherited)",
				);
				GCC_WARN_64_TO_32_BIT_CONVERSION = YES;
				GCC_WARN_ABOUT_RETURN_TYPE = YES_ERROR;
				GCC_WARN_UNDECLARED_SELECTOR = YES;
				GCC_WARN_UNINITIALIZED_AUTOS = YES_AGGRESSIVE;
				GCC_WARN_UNUSED_FUNCTION = YES;
				GCC_WARN_UNUSED_VARIABLE = YES;
				IPHONEOS_DEPLOYMENT_TARGET = 15.5;
				MTL_ENABLE_DEBUG_INFO = INCLUDE_SOURCE;
				MTL_FAST_MATH = YES;
				ONLY_ACTIVE_ARCH = YES;
				SDKROOT = iphoneos;
				SWIFT_ACTIVE_COMPILATION_CONDITIONS = DEBUG;
				SWIFT_OPTIMIZATION_LEVEL = "-Onone";
			};
			name = Debug;
		};
		EE834A80285B2DB000BD28A1 /* Release */ = {
			isa = XCBuildConfiguration;
			buildSettings = {
				ALWAYS_SEARCH_USER_PATHS = NO;
				CLANG_ANALYZER_NONNULL = YES;
				CLANG_ANALYZER_NUMBER_OBJECT_CONVERSION = YES_AGGRESSIVE;
				CLANG_CXX_LANGUAGE_STANDARD = "gnu++17";
				CLANG_ENABLE_MODULES = YES;
				CLANG_ENABLE_OBJC_ARC = YES;
				CLANG_ENABLE_OBJC_WEAK = YES;
				CLANG_WARN_BLOCK_CAPTURE_AUTORELEASING = YES;
				CLANG_WARN_BOOL_CONVERSION = YES;
				CLANG_WARN_COMMA = YES;
				CLANG_WARN_CONSTANT_CONVERSION = YES;
				CLANG_WARN_DEPRECATED_OBJC_IMPLEMENTATIONS = YES;
				CLANG_WARN_DIRECT_OBJC_ISA_USAGE = YES_ERROR;
				CLANG_WARN_DOCUMENTATION_COMMENTS = YES;
				CLANG_WARN_EMPTY_BODY = YES;
				CLANG_WARN_ENUM_CONVERSION = YES;
				CLANG_WARN_INFINITE_RECURSION = YES;
				CLANG_WARN_INT_CONVERSION = YES;
				CLANG_WARN_NON_LITERAL_NULL_CONVERSION = YES;
				CLANG_WARN_OBJC_IMPLICIT_RETAIN_SELF = YES;
				CLANG_WARN_OBJC_LITERAL_CONVERSION = YES;
				CLANG_WARN_OBJC_ROOT_CLASS = YES_ERROR;
				CLANG_WARN_QUOTED_INCLUDE_IN_FRAMEWORK_HEADER = YES;
				CLANG_WARN_RANGE_LOOP_ANALYSIS = YES;
				CLANG_WARN_STRICT_PROTOTYPES = YES;
				CLANG_WARN_SUSPICIOUS_MOVE = YES;
				CLANG_WARN_UNGUARDED_AVAILABILITY = YES_AGGRESSIVE;
				CLANG_WARN_UNREACHABLE_CODE = YES;
				CLANG_WARN__DUPLICATE_METHOD_MATCH = YES;
				COPY_PHASE_STRIP = NO;
				DEBUG_INFORMATION_FORMAT = "dwarf-with-dsym";
				ENABLE_NS_ASSERTIONS = NO;
				ENABLE_STRICT_OBJC_MSGSEND = YES;
				GCC_C_LANGUAGE_STANDARD = gnu11;
				GCC_NO_COMMON_BLOCKS = YES;
				GCC_WARN_64_TO_32_BIT_CONVERSION = YES;
				GCC_WARN_ABOUT_RETURN_TYPE = YES_ERROR;
				GCC_WARN_UNDECLARED_SELECTOR = YES;
				GCC_WARN_UNINITIALIZED_AUTOS = YES_AGGRESSIVE;
				GCC_WARN_UNUSED_FUNCTION = YES;
				GCC_WARN_UNUSED_VARIABLE = YES;
				IPHONEOS_DEPLOYMENT_TARGET = 15.5;
				MTL_ENABLE_DEBUG_INFO = NO;
				MTL_FAST_MATH = YES;
				SDKROOT = iphoneos;
				SWIFT_COMPILATION_MODE = wholemodule;
				SWIFT_OPTIMIZATION_LEVEL = "-O";
				VALIDATE_PRODUCT = YES;
			};
			name = Release;
		};
		EE834A82285B2DB000BD28A1 /* Debug */ = {
			isa = XCBuildConfiguration;
			buildSettings = {
				ASSETCATALOG_COMPILER_APPICON_NAME = AppIcon;
				ASSETCATALOG_COMPILER_GLOBAL_ACCENT_COLOR_NAME = AccentColor;
				CODE_SIGN_STYLE = Automatic;
				CURRENT_PROJECT_VERSION = 1;
				DEVELOPMENT_ASSET_PATHS = "\"SmartHomeThermostate/Preview Content\"";
				DEVELOPMENT_TEAM = 534646FQTX;
				ENABLE_PREVIEWS = YES;
				GENERATE_INFOPLIST_FILE = YES;
				INFOPLIST_KEY_UIApplicationSceneManifest_Generation = YES;
				INFOPLIST_KEY_UIApplicationSupportsIndirectInputEvents = YES;
				INFOPLIST_KEY_UILaunchScreen_Generation = YES;
				INFOPLIST_KEY_UISupportedInterfaceOrientations_iPad = "UIInterfaceOrientationPortrait UIInterfaceOrientationPortraitUpsideDown UIInterfaceOrientationLandscapeLeft UIInterfaceOrientationLandscapeRight";
				INFOPLIST_KEY_UISupportedInterfaceOrientations_iPhone = "UIInterfaceOrientationPortrait UIInterfaceOrientationLandscapeLeft UIInterfaceOrientationLandscapeRight";
				LD_RUNPATH_SEARCH_PATHS = (
					"$(inherited)",
					"@executable_path/Frameworks",
				);
				MARKETING_VERSION = 1.0;
				PRODUCT_BUNDLE_IDENTIFIER = no.SmartHomeThermostate;
				PRODUCT_NAME = "$(TARGET_NAME)";
				SWIFT_EMIT_LOC_STRINGS = YES;
				SWIFT_VERSION = 5.0;
				TARGETED_DEVICE_FAMILY = "1,2";
			};
			name = Debug;
		};
		EE834A83285B2DB000BD28A1 /* Release */ = {
			isa = XCBuildConfiguration;
			buildSettings = {
				ASSETCATALOG_COMPILER_APPICON_NAME = AppIcon;
				ASSETCATALOG_COMPILER_GLOBAL_ACCENT_COLOR_NAME = AccentColor;
				CODE_SIGN_STYLE = Automatic;
				CURRENT_PROJECT_VERSION = 1;
				DEVELOPMENT_ASSET_PATHS = "\"SmartHomeThermostate/Preview Content\"";
				DEVELOPMENT_TEAM = 534646FQTX;
				ENABLE_PREVIEWS = YES;
				GENERATE_INFOPLIST_FILE = YES;
				INFOPLIST_KEY_UIApplicationSceneManifest_Generation = YES;
				INFOPLIST_KEY_UIApplicationSupportsIndirectInputEvents = YES;
				INFOPLIST_KEY_UILaunchScreen_Generation = YES;
				INFOPLIST_KEY_UISupportedInterfaceOrientations_iPad = "UIInterfaceOrientationPortrait UIInterfaceOrientationPortraitUpsideDown UIInterfaceOrientationLandscapeLeft UIInterfaceOrientationLandscapeRight";
				INFOPLIST_KEY_UISupportedInterfaceOrientations_iPhone = "UIInterfaceOrientationPortrait UIInterfaceOrientationLandscapeLeft UIInterfaceOrientationLandscapeRight";
				LD_RUNPATH_SEARCH_PATHS = (
					"$(inherited)",
					"@executable_path/Frameworks",
				);
				MARKETING_VERSION = 1.0;
				PRODUCT_BUNDLE_IDENTIFIER = no.SmartHomeThermostate;
				PRODUCT_NAME = "$(TARGET_NAME)";
				SWIFT_EMIT_LOC_STRINGS = YES;
				SWIFT_VERSION = 5.0;
				TARGETED_DEVICE_FAMILY = "1,2";
			};
			name = Release;
		};
/* End XCBuildConfiguration section */

/* Begin XCConfigurationList section */
		EE834A6E285B2DAF00BD28A1 /* Build configuration list for PBXProject "SmartHomeThermostate" */ = {
			isa = XCConfigurationList;
			buildConfigurations = (
				EE834A7F285B2DB000BD28A1 /* Debug */,
				EE834A80285B2DB000BD28A1 /* Release */,
			);
			defaultConfigurationIsVisible = 0;
			defaultConfigurationName = Release;
		};
		EE834A81285B2DB000BD28A1 /* Build configuration list for PBXNativeTarget "SmartHomeThermostate" */ = {
			isa = XCConfigurationList;
			buildConfigurations = (
				EE834A82285B2DB000BD28A1 /* Debug */,
				EE834A83285B2DB000BD28A1 /* Release */,
			);
			defaultConfigurationIsVisible = 0;
			defaultConfigurationName = Release;
		};
/* End XCConfigurationList section */
	};
	rootObject = EE834A6B285B2DAF00BD28A1 /* Project object */;
}
